// !$*UTF8*$!
{
	archiveVersion = 1;
	classes = {
	};
	objectVersion = 50;
	objects = {

/* Begin PBXBuildFile section */
		F1A673B021D3A47700C460F5 /* AppDelegate.swift in Sources */ = {isa = PBXBuildFile; fileRef = F1A673AF21D3A47700C460F5 /* AppDelegate.swift */; };
		F1A673B221D3A47700C460F5 /* DataDisplayController.swift in Sources */ = {isa = PBXBuildFile; fileRef = F1A673B121D3A47700C460F5 /* DataDisplayController.swift */; };
		F1A673B521D3A47700C460F5 /* Main.storyboard in Resources */ = {isa = PBXBuildFile; fileRef = F1A673B321D3A47700C460F5 /* Main.storyboard */; };
		F1A673B721D3A47800C460F5 /* Assets.xcassets in Resources */ = {isa = PBXBuildFile; fileRef = F1A673B621D3A47800C460F5 /* Assets.xcassets */; };
		F1A673BA21D3A47800C460F5 /* LaunchScreen.storyboard in Resources */ = {isa = PBXBuildFile; fileRef = F1A673B821D3A47800C460F5 /* LaunchScreen.storyboard */; };
		F1A673C521D3A47800C460F5 /* DataAnalysisTests.swift in Sources */ = {isa = PBXBuildFile; fileRef = F1A673C421D3A47800C460F5 /* DataAnalysisTests.swift */; };
		F1A673D021D3A47800C460F5 /* DataAnalysisUITests.swift in Sources */ = {isa = PBXBuildFile; fileRef = F1A673CF21D3A47800C460F5 /* DataAnalysisUITests.swift */; };
		F1A673E421D3C92700C460F5 /* Realm.framework in Frameworks */ = {isa = PBXBuildFile; fileRef = F1A673E221D3C92700C460F5 /* Realm.framework */; };
		F1A673E521D3C92700C460F5 /* RealmSwift.framework in Frameworks */ = {isa = PBXBuildFile; fileRef = F1A673E321D3C92700C460F5 /* RealmSwift.framework */; };
		F1A673ED21D3DB7800C460F5 /* MobileData.swift in Sources */ = {isa = PBXBuildFile; fileRef = F1A673EC21D3DB7800C460F5 /* MobileData.swift */; };
		F1A673EE21D3DB7800C460F5 /* MobileData.swift in Sources */ = {isa = PBXBuildFile; fileRef = F1A673EC21D3DB7800C460F5 /* MobileData.swift */; };
		F1A673EF21D3DB7800C460F5 /* MobileData.swift in Sources */ = {isa = PBXBuildFile; fileRef = F1A673EC21D3DB7800C460F5 /* MobileData.swift */; };
		F1A673F221D3F8DC00C460F5 /* DataConsumptionService.swift in Sources */ = {isa = PBXBuildFile; fileRef = F1A673F121D3F8DC00C460F5 /* DataConsumptionService.swift */; };
		F1A673F321D3F8DC00C460F5 /* DataConsumptionService.swift in Sources */ = {isa = PBXBuildFile; fileRef = F1A673F121D3F8DC00C460F5 /* DataConsumptionService.swift */; };
		F1A673F421D3F8DC00C460F5 /* DataConsumptionService.swift in Sources */ = {isa = PBXBuildFile; fileRef = F1A673F121D3F8DC00C460F5 /* DataConsumptionService.swift */; };
/* End PBXBuildFile section */

/* Begin PBXContainerItemProxy section */
		F1A673C121D3A47800C460F5 /* PBXContainerItemProxy */ = {
			isa = PBXContainerItemProxy;
			containerPortal = F1A673A421D3A47700C460F5 /* Project object */;
			proxyType = 1;
			remoteGlobalIDString = F1A673AB21D3A47700C460F5;
			remoteInfo = DataAnalysis;
		};
		F1A673CC21D3A47800C460F5 /* PBXContainerItemProxy */ = {
			isa = PBXContainerItemProxy;
			containerPortal = F1A673A421D3A47700C460F5 /* Project object */;
			proxyType = 1;
			remoteGlobalIDString = F1A673AB21D3A47700C460F5;
			remoteInfo = DataAnalysis;
		};
/* End PBXContainerItemProxy section */

/* Begin PBXFileReference section */
		F1A673AC21D3A47700C460F5 /* DataAnalysis.app */ = {isa = PBXFileReference; explicitFileType = wrapper.application; includeInIndex = 0; path = DataAnalysis.app; sourceTree = BUILT_PRODUCTS_DIR; };
		F1A673AF21D3A47700C460F5 /* AppDelegate.swift */ = {isa = PBXFileReference; lastKnownFileType = sourcecode.swift; path = AppDelegate.swift; sourceTree = "<group>"; };
		F1A673B121D3A47700C460F5 /* DataDisplayController.swift */ = {isa = PBXFileReference; lastKnownFileType = sourcecode.swift; path = DataDisplayController.swift; sourceTree = "<group>"; };
		F1A673B421D3A47700C460F5 /* Base */ = {isa = PBXFileReference; lastKnownFileType = file.storyboard; name = Base; path = Base.lproj/Main.storyboard; sourceTree = "<group>"; };
		F1A673B621D3A47800C460F5 /* Assets.xcassets */ = {isa = PBXFileReference; lastKnownFileType = folder.assetcatalog; path = Assets.xcassets; sourceTree = "<group>"; };
		F1A673B921D3A47800C460F5 /* Base */ = {isa = PBXFileReference; lastKnownFileType = file.storyboard; name = Base; path = Base.lproj/LaunchScreen.storyboard; sourceTree = "<group>"; };
		F1A673BB21D3A47800C460F5 /* Info.plist */ = {isa = PBXFileReference; lastKnownFileType = text.plist.xml; path = Info.plist; sourceTree = "<group>"; };
		F1A673C021D3A47800C460F5 /* DataAnalysisTests.xctest */ = {isa = PBXFileReference; explicitFileType = wrapper.cfbundle; includeInIndex = 0; path = DataAnalysisTests.xctest; sourceTree = BUILT_PRODUCTS_DIR; };
		F1A673C421D3A47800C460F5 /* DataAnalysisTests.swift */ = {isa = PBXFileReference; lastKnownFileType = sourcecode.swift; path = DataAnalysisTests.swift; sourceTree = "<group>"; };
		F1A673C621D3A47800C460F5 /* Info.plist */ = {isa = PBXFileReference; lastKnownFileType = text.plist.xml; path = Info.plist; sourceTree = "<group>"; };
		F1A673CB21D3A47800C460F5 /* DataAnalysisUITests.xctest */ = {isa = PBXFileReference; explicitFileType = wrapper.cfbundle; includeInIndex = 0; path = DataAnalysisUITests.xctest; sourceTree = BUILT_PRODUCTS_DIR; };
		F1A673CF21D3A47800C460F5 /* DataAnalysisUITests.swift */ = {isa = PBXFileReference; lastKnownFileType = sourcecode.swift; path = DataAnalysisUITests.swift; sourceTree = "<group>"; };
		F1A673D121D3A47800C460F5 /* Info.plist */ = {isa = PBXFileReference; lastKnownFileType = text.plist.xml; path = Info.plist; sourceTree = "<group>"; };
		F1A673E221D3C92700C460F5 /* Realm.framework */ = {isa = PBXFileReference; lastKnownFileType = wrapper.framework; name = Realm.framework; path = Carthage/Build/iOS/Realm.framework; sourceTree = "<group>"; };
		F1A673E321D3C92700C460F5 /* RealmSwift.framework */ = {isa = PBXFileReference; lastKnownFileType = wrapper.framework; name = RealmSwift.framework; path = Carthage/Build/iOS/RealmSwift.framework; sourceTree = "<group>"; };
		F1A673EC21D3DB7800C460F5 /* MobileData.swift */ = {isa = PBXFileReference; lastKnownFileType = sourcecode.swift; path = MobileData.swift; sourceTree = "<group>"; };
		F1A673F121D3F8DC00C460F5 /* DataConsumptionService.swift */ = {isa = PBXFileReference; lastKnownFileType = sourcecode.swift; path = DataConsumptionService.swift; sourceTree = "<group>"; };
/* End PBXFileReference section */

/* Begin PBXFrameworksBuildPhase section */
		F1A673A921D3A47700C460F5 /* Frameworks */ = {
			isa = PBXFrameworksBuildPhase;
			buildActionMask = 2147483647;
			files = (
				F1A673E421D3C92700C460F5 /* Realm.framework in Frameworks */,
				F1A673E521D3C92700C460F5 /* RealmSwift.framework in Frameworks */,
			);
			runOnlyForDeploymentPostprocessing = 0;
		};
		F1A673BD21D3A47800C460F5 /* Frameworks */ = {
			isa = PBXFrameworksBuildPhase;
			buildActionMask = 2147483647;
			files = (
			);
			runOnlyForDeploymentPostprocessing = 0;
		};
		F1A673C821D3A47800C460F5 /* Frameworks */ = {
			isa = PBXFrameworksBuildPhase;
			buildActionMask = 2147483647;
			files = (
			);
			runOnlyForDeploymentPostprocessing = 0;
		};
/* End PBXFrameworksBuildPhase section */

/* Begin PBXGroup section */
		F1A673A321D3A47700C460F5 = {
			isa = PBXGroup;
			children = (
				F1A673AE21D3A47700C460F5 /* DataAnalysis */,
				F1A673C321D3A47800C460F5 /* DataAnalysisTests */,
				F1A673CE21D3A47800C460F5 /* DataAnalysisUITests */,
				F1A673AD21D3A47700C460F5 /* Products */,
				F1A673E121D3C92700C460F5 /* Frameworks */,
			);
			sourceTree = "<group>";
		};
		F1A673AD21D3A47700C460F5 /* Products */ = {
			isa = PBXGroup;
			children = (
				F1A673AC21D3A47700C460F5 /* DataAnalysis.app */,
				F1A673C021D3A47800C460F5 /* DataAnalysisTests.xctest */,
				F1A673CB21D3A47800C460F5 /* DataAnalysisUITests.xctest */,
			);
			name = Products;
			sourceTree = "<group>";
		};
		F1A673AE21D3A47700C460F5 /* DataAnalysis */ = {
			isa = PBXGroup;
			children = (
				F1A673DD21D3A4D900C460F5 /* AppDelegate */,
				F1A673F021D3F86A00C460F5 /* Network */,
				F1A673EB21D3DB3200C460F5 /* Model */,
				F1A673DE21D3A4E700C460F5 /* ViewController */,
				F1A673DF21D3A50000C460F5 /* Storyboard */,
				F1A673E021D3A50F00C460F5 /* Resources */,
			);
			path = DataAnalysis;
			sourceTree = "<group>";
		};
		F1A673C321D3A47800C460F5 /* DataAnalysisTests */ = {
			isa = PBXGroup;
			children = (
				F1A673C421D3A47800C460F5 /* DataAnalysisTests.swift */,
				F1A673C621D3A47800C460F5 /* Info.plist */,
			);
			path = DataAnalysisTests;
			sourceTree = "<group>";
		};
		F1A673CE21D3A47800C460F5 /* DataAnalysisUITests */ = {
			isa = PBXGroup;
			children = (
				F1A673CF21D3A47800C460F5 /* DataAnalysisUITests.swift */,
				F1A673D121D3A47800C460F5 /* Info.plist */,
			);
			path = DataAnalysisUITests;
			sourceTree = "<group>";
		};
		F1A673DD21D3A4D900C460F5 /* AppDelegate */ = {
			isa = PBXGroup;
			children = (
				F1A673AF21D3A47700C460F5 /* AppDelegate.swift */,
			);
			path = AppDelegate;
			sourceTree = "<group>";
		};
		F1A673DE21D3A4E700C460F5 /* ViewController */ = {
			isa = PBXGroup;
			children = (
				F1A673B121D3A47700C460F5 /* DataDisplayController.swift */,
			);
			path = ViewController;
			sourceTree = "<group>";
		};
		F1A673DF21D3A50000C460F5 /* Storyboard */ = {
			isa = PBXGroup;
			children = (
				F1A673B321D3A47700C460F5 /* Main.storyboard */,
				F1A673B821D3A47800C460F5 /* LaunchScreen.storyboard */,
			);
			path = Storyboard;
			sourceTree = "<group>";
		};
		F1A673E021D3A50F00C460F5 /* Resources */ = {
			isa = PBXGroup;
			children = (
				F1A673B621D3A47800C460F5 /* Assets.xcassets */,
				F1A673BB21D3A47800C460F5 /* Info.plist */,
			);
			path = Resources;
			sourceTree = "<group>";
		};
		F1A673E121D3C92700C460F5 /* Frameworks */ = {
			isa = PBXGroup;
			children = (
				F1A673E221D3C92700C460F5 /* Realm.framework */,
				F1A673E321D3C92700C460F5 /* RealmSwift.framework */,
			);
			name = Frameworks;
			sourceTree = "<group>";
		};
		F1A673EB21D3DB3200C460F5 /* Model */ = {
			isa = PBXGroup;
			children = (
				F1A673EC21D3DB7800C460F5 /* MobileData.swift */,
			);
			name = Model;
			path = DataAnalysis/Model;
			sourceTree = SOURCE_ROOT;
		};
		F1A673F021D3F86A00C460F5 /* Network */ = {
			isa = PBXGroup;
			children = (
				F1A673F121D3F8DC00C460F5 /* DataConsumptionService.swift */,
			);
			path = Network;
			sourceTree = "<group>";
		};
/* End PBXGroup section */

/* Begin PBXNativeTarget section */
		F1A673AB21D3A47700C460F5 /* DataAnalysis */ = {
			isa = PBXNativeTarget;
			buildConfigurationList = F1A673D421D3A47800C460F5 /* Build configuration list for PBXNativeTarget "DataAnalysis" */;
			buildPhases = (
				F1A673A821D3A47700C460F5 /* Sources */,
				F1A673A921D3A47700C460F5 /* Frameworks */,
				F1A673AA21D3A47700C460F5 /* Resources */,
				F1A673E621D3C95300C460F5 /* ShellScript */,
			);
			buildRules = (
			);
			dependencies = (
			);
			name = DataAnalysis;
			productName = DataAnalysis;
			productReference = F1A673AC21D3A47700C460F5 /* DataAnalysis.app */;
			productType = "com.apple.product-type.application";
		};
		F1A673BF21D3A47800C460F5 /* DataAnalysisTests */ = {
			isa = PBXNativeTarget;
			buildConfigurationList = F1A673D721D3A47800C460F5 /* Build configuration list for PBXNativeTarget "DataAnalysisTests" */;
			buildPhases = (
				F1A673BC21D3A47800C460F5 /* Sources */,
				F1A673BD21D3A47800C460F5 /* Frameworks */,
				F1A673BE21D3A47800C460F5 /* Resources */,
			);
			buildRules = (
			);
			dependencies = (
				F1A673C221D3A47800C460F5 /* PBXTargetDependency */,
			);
			name = DataAnalysisTests;
			productName = DataAnalysisTests;
			productReference = F1A673C021D3A47800C460F5 /* DataAnalysisTests.xctest */;
			productType = "com.apple.product-type.bundle.unit-test";
		};
		F1A673CA21D3A47800C460F5 /* DataAnalysisUITests */ = {
			isa = PBXNativeTarget;
			buildConfigurationList = F1A673DA21D3A47800C460F5 /* Build configuration list for PBXNativeTarget "DataAnalysisUITests" */;
			buildPhases = (
				F1A673C721D3A47800C460F5 /* Sources */,
				F1A673C821D3A47800C460F5 /* Frameworks */,
				F1A673C921D3A47800C460F5 /* Resources */,
			);
			buildRules = (
			);
			dependencies = (
				F1A673CD21D3A47800C460F5 /* PBXTargetDependency */,
			);
			name = DataAnalysisUITests;
			productName = DataAnalysisUITests;
			productReference = F1A673CB21D3A47800C460F5 /* DataAnalysisUITests.xctest */;
			productType = "com.apple.product-type.bundle.ui-testing";
		};
/* End PBXNativeTarget section */

/* Begin PBXProject section */
		F1A673A421D3A47700C460F5 /* Project object */ = {
			isa = PBXProject;
			attributes = {
				LastSwiftUpdateCheck = 1010;
				LastUpgradeCheck = 1010;
				ORGANIZATIONNAME = "Peer Mohamed Thabib";
				TargetAttributes = {
					F1A673AB21D3A47700C460F5 = {
						CreatedOnToolsVersion = 10.1;
					};
					F1A673BF21D3A47800C460F5 = {
						CreatedOnToolsVersion = 10.1;
						TestTargetID = F1A673AB21D3A47700C460F5;
					};
					F1A673CA21D3A47800C460F5 = {
						CreatedOnToolsVersion = 10.1;
						TestTargetID = F1A673AB21D3A47700C460F5;
					};
				};
			};
			buildConfigurationList = F1A673A721D3A47700C460F5 /* Build configuration list for PBXProject "DataAnalysis" */;
			compatibilityVersion = "Xcode 9.3";
			developmentRegion = en;
			hasScannedForEncodings = 0;
			knownRegions = (
				en,
				Base,
			);
			mainGroup = F1A673A321D3A47700C460F5;
			productRefGroup = F1A673AD21D3A47700C460F5 /* Products */;
			projectDirPath = "";
			projectRoot = "";
			targets = (
				F1A673AB21D3A47700C460F5 /* DataAnalysis */,
				F1A673BF21D3A47800C460F5 /* DataAnalysisTests */,
				F1A673CA21D3A47800C460F5 /* DataAnalysisUITests */,
			);
		};
/* End PBXProject section */

/* Begin PBXResourcesBuildPhase section */
		F1A673AA21D3A47700C460F5 /* Resources */ = {
			isa = PBXResourcesBuildPhase;
			buildActionMask = 2147483647;
			files = (
				F1A673BA21D3A47800C460F5 /* LaunchScreen.storyboard in Resources */,
				F1A673B721D3A47800C460F5 /* Assets.xcassets in Resources */,
				F1A673B521D3A47700C460F5 /* Main.storyboard in Resources */,
			);
			runOnlyForDeploymentPostprocessing = 0;
		};
		F1A673BE21D3A47800C460F5 /* Resources */ = {
			isa = PBXResourcesBuildPhase;
			buildActionMask = 2147483647;
			files = (
			);
			runOnlyForDeploymentPostprocessing = 0;
		};
		F1A673C921D3A47800C460F5 /* Resources */ = {
			isa = PBXResourcesBuildPhase;
			buildActionMask = 2147483647;
			files = (
			);
			runOnlyForDeploymentPostprocessing = 0;
		};
/* End PBXResourcesBuildPhase section */

/* Begin PBXShellScriptBuildPhase section */
		F1A673E621D3C95300C460F5 /* ShellScript */ = {
			isa = PBXShellScriptBuildPhase;
			buildActionMask = 2147483647;
			files = (
			);
			inputFileListPaths = (
			);
			inputPaths = (
				"$(SRCROOT)/Carthage/Build/iOS/Realm.framework",
				"$(SRCROOT)/Carthage/Build/iOS/RealmSwift.framework",
			);
			outputFileListPaths = (
			);
			outputPaths = (
			);
			runOnlyForDeploymentPostprocessing = 0;
			shellPath = /bin/sh;
			shellScript = "/usr/local/bin/carthage copy-frameworks\n";
		};
/* End PBXShellScriptBuildPhase section */

/* Begin PBXSourcesBuildPhase section */
		F1A673A821D3A47700C460F5 /* Sources */ = {
			isa = PBXSourcesBuildPhase;
			buildActionMask = 2147483647;
			files = (
				F1A673B221D3A47700C460F5 /* DataDisplayController.swift in Sources */,
				F1A673F221D3F8DC00C460F5 /* DataConsumptionService.swift in Sources */,
				F1A673B021D3A47700C460F5 /* AppDelegate.swift in Sources */,
				F1A673ED21D3DB7800C460F5 /* MobileData.swift in Sources */,
			);
			runOnlyForDeploymentPostprocessing = 0;
		};
		F1A673BC21D3A47800C460F5 /* Sources */ = {
			isa = PBXSourcesBuildPhase;
			buildActionMask = 2147483647;
			files = (
				F1A673C521D3A47800C460F5 /* DataAnalysisTests.swift in Sources */,
				F1A673EE21D3DB7800C460F5 /* MobileData.swift in Sources */,
				F1A673F321D3F8DC00C460F5 /* DataConsumptionService.swift in Sources */,
			);
			runOnlyForDeploymentPostprocessing = 0;
		};
		F1A673C721D3A47800C460F5 /* Sources */ = {
			isa = PBXSourcesBuildPhase;
			buildActionMask = 2147483647;
			files = (
				F1A673D021D3A47800C460F5 /* DataAnalysisUITests.swift in Sources */,
				F1A673EF21D3DB7800C460F5 /* MobileData.swift in Sources */,
				F1A673F421D3F8DC00C460F5 /* DataConsumptionService.swift in Sources */,
			);
			runOnlyForDeploymentPostprocessing = 0;
		};
/* End PBXSourcesBuildPhase section */

/* Begin PBXTargetDependency section */
		F1A673C221D3A47800C460F5 /* PBXTargetDependency */ = {
			isa = PBXTargetDependency;
			target = F1A673AB21D3A47700C460F5 /* DataAnalysis */;
			targetProxy = F1A673C121D3A47800C460F5 /* PBXContainerItemProxy */;
		};
		F1A673CD21D3A47800C460F5 /* PBXTargetDependency */ = {
			isa = PBXTargetDependency;
			target = F1A673AB21D3A47700C460F5 /* DataAnalysis */;
			targetProxy = F1A673CC21D3A47800C460F5 /* PBXContainerItemProxy */;
		};
/* End PBXTargetDependency section */

/* Begin PBXVariantGroup section */
		F1A673B321D3A47700C460F5 /* Main.storyboard */ = {
			isa = PBXVariantGroup;
			children = (
				F1A673B421D3A47700C460F5 /* Base */,
			);
			name = Main.storyboard;
			sourceTree = "<group>";
		};
		F1A673B821D3A47800C460F5 /* LaunchScreen.storyboard */ = {
			isa = PBXVariantGroup;
			children = (
				F1A673B921D3A47800C460F5 /* Base */,
			);
			name = LaunchScreen.storyboard;
			sourceTree = "<group>";
		};
/* End PBXVariantGroup section */

/* Begin XCBuildConfiguration section */
		F1A673D221D3A47800C460F5 /* Debug */ = {
			isa = XCBuildConfiguration;
			buildSettings = {
				ALWAYS_SEARCH_USER_PATHS = NO;
				CLANG_ANALYZER_NONNULL = YES;
				CLANG_ANALYZER_NUMBER_OBJECT_CONVERSION = YES_AGGRESSIVE;
				CLANG_CXX_LANGUAGE_STANDARD = "gnu++14";
				CLANG_CXX_LIBRARY = "libc++";
				CLANG_ENABLE_MODULES = YES;
				CLANG_ENABLE_OBJC_ARC = YES;
				CLANG_ENABLE_OBJC_WEAK = YES;
				CLANG_WARN_BLOCK_CAPTURE_AUTORELEASING = YES;
				CLANG_WARN_BOOL_CONVERSION = YES;
				CLANG_WARN_COMMA = YES;
				CLANG_WARN_CONSTANT_CONVERSION = YES;
				CLANG_WARN_DEPRECATED_OBJC_IMPLEMENTATIONS = YES;
				CLANG_WARN_DIRECT_OBJC_ISA_USAGE = YES_ERROR;
				CLANG_WARN_DOCUMENTATION_COMMENTS = YES;
				CLANG_WARN_EMPTY_BODY = YES;
				CLANG_WARN_ENUM_CONVERSION = YES;
				CLANG_WARN_INFINITE_RECURSION = YES;
				CLANG_WARN_INT_CONVERSION = YES;
				CLANG_WARN_NON_LITERAL_NULL_CONVERSION = YES;
				CLANG_WARN_OBJC_IMPLICIT_RETAIN_SELF = YES;
				CLANG_WARN_OBJC_LITERAL_CONVERSION = YES;
				CLANG_WARN_OBJC_ROOT_CLASS = YES_ERROR;
				CLANG_WARN_RANGE_LOOP_ANALYSIS = YES;
				CLANG_WARN_STRICT_PROTOTYPES = YES;
				CLANG_WARN_SUSPICIOUS_MOVE = YES;
				CLANG_WARN_UNGUARDED_AVAILABILITY = YES_AGGRESSIVE;
				CLANG_WARN_UNREACHABLE_CODE = YES;
				CLANG_WARN__DUPLICATE_METHOD_MATCH = YES;
				CODE_SIGN_IDENTITY = "iPhone Developer";
				COPY_PHASE_STRIP = NO;
				DEBUG_INFORMATION_FORMAT = dwarf;
				ENABLE_STRICT_OBJC_MSGSEND = YES;
				ENABLE_TESTABILITY = YES;
				GCC_C_LANGUAGE_STANDARD = gnu11;
				GCC_DYNAMIC_NO_PIC = NO;
				GCC_NO_COMMON_BLOCKS = YES;
				GCC_OPTIMIZATION_LEVEL = 0;
				GCC_PREPROCESSOR_DEFINITIONS = (
					"DEBUG=1",
					"$(inherited)",
				);
				GCC_WARN_64_TO_32_BIT_CONVERSION = YES;
				GCC_WARN_ABOUT_RETURN_TYPE = YES_ERROR;
				GCC_WARN_UNDECLARED_SELECTOR = YES;
				GCC_WARN_UNINITIALIZED_AUTOS = YES_AGGRESSIVE;
				GCC_WARN_UNUSED_FUNCTION = YES;
				GCC_WARN_UNUSED_VARIABLE = YES;
				IPHONEOS_DEPLOYMENT_TARGET = 12.1;
				MTL_ENABLE_DEBUG_INFO = INCLUDE_SOURCE;
				MTL_FAST_MATH = YES;
				ONLY_ACTIVE_ARCH = YES;
				SDKROOT = iphoneos;
				SWIFT_ACTIVE_COMPILATION_CONDITIONS = DEBUG;
				SWIFT_OPTIMIZATION_LEVEL = "-Onone";
			};
			name = Debug;
		};
		F1A673D321D3A47800C460F5 /* Release */ = {
			isa = XCBuildConfiguration;
			buildSettings = {
				ALWAYS_SEARCH_USER_PATHS = NO;
				CLANG_ANALYZER_NONNULL = YES;
				CLANG_ANALYZER_NUMBER_OBJECT_CONVERSION = YES_AGGRESSIVE;
				CLANG_CXX_LANGUAGE_STANDARD = "gnu++14";
				CLANG_CXX_LIBRARY = "libc++";
				CLANG_ENABLE_MODULES = YES;
				CLANG_ENABLE_OBJC_ARC = YES;
				CLANG_ENABLE_OBJC_WEAK = YES;
				CLANG_WARN_BLOCK_CAPTURE_AUTORELEASING = YES;
				CLANG_WARN_BOOL_CONVERSION = YES;
				CLANG_WARN_COMMA = YES;
				CLANG_WARN_CONSTANT_CONVERSION = YES;
				CLANG_WARN_DEPRECATED_OBJC_IMPLEMENTATIONS = YES;
				CLANG_WARN_DIRECT_OBJC_ISA_USAGE = YES_ERROR;
				CLANG_WARN_DOCUMENTATION_COMMENTS = YES;
				CLANG_WARN_EMPTY_BODY = YES;
				CLANG_WARN_ENUM_CONVERSION = YES;
				CLANG_WARN_INFINITE_RECURSION = YES;
				CLANG_WARN_INT_CONVERSION = YES;
				CLANG_WARN_NON_LITERAL_NULL_CONVERSION = YES;
				CLANG_WARN_OBJC_IMPLICIT_RETAIN_SELF = YES;
				CLANG_WARN_OBJC_LITERAL_CONVERSION = YES;
				CLANG_WARN_OBJC_ROOT_CLASS = YES_ERROR;
				CLANG_WARN_RANGE_LOOP_ANALYSIS = YES;
				CLANG_WARN_STRICT_PROTOTYPES = YES;
				CLANG_WARN_SUSPICIOUS_MOVE = YES;
				CLANG_WARN_UNGUARDED_AVAILABILITY = YES_AGGRESSIVE;
				CLANG_WARN_UNREACHABLE_CODE = YES;
				CLANG_WARN__DUPLICATE_METHOD_MATCH = YES;
				CODE_SIGN_IDENTITY = "iPhone Developer";
				COPY_PHASE_STRIP = NO;
				DEBUG_INFORMATION_FORMAT = "dwarf-with-dsym";
				ENABLE_NS_ASSERTIONS = NO;
				ENABLE_STRICT_OBJC_MSGSEND = YES;
				GCC_C_LANGUAGE_STANDARD = gnu11;
				GCC_NO_COMMON_BLOCKS = YES;
				GCC_WARN_64_TO_32_BIT_CONVERSION = YES;
				GCC_WARN_ABOUT_RETURN_TYPE = YES_ERROR;
				GCC_WARN_UNDECLARED_SELECTOR = YES;
				GCC_WARN_UNINITIALIZED_AUTOS = YES_AGGRESSIVE;
				GCC_WARN_UNUSED_FUNCTION = YES;
				GCC_WARN_UNUSED_VARIABLE = YES;
				IPHONEOS_DEPLOYMENT_TARGET = 12.1;
				MTL_ENABLE_DEBUG_INFO = NO;
				MTL_FAST_MATH = YES;
				SDKROOT = iphoneos;
				SWIFT_COMPILATION_MODE = wholemodule;
				SWIFT_OPTIMIZATION_LEVEL = "-O";
				VALIDATE_PRODUCT = YES;
			};
			name = Release;
		};
		F1A673D521D3A47800C460F5 /* Debug */ = {
			isa = XCBuildConfiguration;
			buildSettings = {
				ASSETCATALOG_COMPILER_APPICON_NAME = AppIcon;
				CODE_SIGN_STYLE = Automatic;
				DEVELOPMENT_TEAM = 3VW82KHLXJ;
				FRAMEWORK_SEARCH_PATHS = (
					"$(inherited)",
					"$(PROJECT_DIR)/Carthage/Build/iOS",
				);
				INFOPLIST_FILE = DataAnalysis/Resources/Info.plist;
				LD_RUNPATH_SEARCH_PATHS = (
					"$(inherited)",
					"@executable_path/Frameworks",
				);
				PRODUCT_BUNDLE_IDENTIFIER = com.dataAnalysis.app.DataAnalysis;
				PRODUCT_NAME = "$(TARGET_NAME)";
				SWIFT_VERSION = 4.2;
				TARGETED_DEVICE_FAMILY = "1,2";
			};
			name = Debug;
		};
		F1A673D621D3A47800C460F5 /* Release */ = {
			isa = XCBuildConfiguration;
			buildSettings = {
				ASSETCATALOG_COMPILER_APPICON_NAME = AppIcon;
				CODE_SIGN_STYLE = Automatic;
				DEVELOPMENT_TEAM = 3VW82KHLXJ;
				FRAMEWORK_SEARCH_PATHS = (
					"$(inherited)",
					"$(PROJECT_DIR)/Carthage/Build/iOS",
				);
				INFOPLIST_FILE = DataAnalysis/Resources/Info.plist;
				LD_RUNPATH_SEARCH_PATHS = (
					"$(inherited)",
					"@executable_path/Frameworks",
				);
				PRODUCT_BUNDLE_IDENTIFIER = com.dataAnalysis.app.DataAnalysis;
				PRODUCT_NAME = "$(TARGET_NAME)";
				SWIFT_VERSION = 4.2;
				TARGETED_DEVICE_FAMILY = "1,2";
			};
			name = Release;
		};
		F1A673D821D3A47800C460F5 /* Debug */ = {
			isa = XCBuildConfiguration;
			buildSettings = {
				ALWAYS_EMBED_SWIFT_STANDARD_LIBRARIES = YES;
				BUNDLE_LOADER = "$(TEST_HOST)";
				CODE_SIGN_STYLE = Automatic;
				INFOPLIST_FILE = DataAnalysisTests/Info.plist;
				LD_RUNPATH_SEARCH_PATHS = (
					"$(inherited)",
					"@executable_path/Frameworks",
					"@loader_path/Frameworks",
				);
				PRODUCT_BUNDLE_IDENTIFIER = com.dataAnalysis.app.DataAnalysisTests;
				PRODUCT_NAME = "$(TARGET_NAME)";
				SWIFT_VERSION = 4.2;
				TARGETED_DEVICE_FAMILY = "1,2";
				TEST_HOST = "$(BUILT_PRODUCTS_DIR)/DataAnalysis.app/DataAnalysis";
			};
			name = Debug;
		};
		F1A673D921D3A47800C460F5 /* Release */ = {
			isa = XCBuildConfiguration;
			buildSettings = {
				ALWAYS_EMBED_SWIFT_STANDARD_LIBRARIES = YES;
				BUNDLE_LOADER = "$(TEST_HOST)";
				CODE_SIGN_STYLE = Automatic;
				INFOPLIST_FILE = DataAnalysisTests/Info.plist;
				LD_RUNPATH_SEARCH_PATHS = (
					"$(inherited)",
					"@executable_path/Frameworks",
					"@loader_path/Frameworks",
				);
				PRODUCT_BUNDLE_IDENTIFIER = com.dataAnalysis.app.DataAnalysisTests;
				PRODUCT_NAME = "$(TARGET_NAME)";
				SWIFT_VERSION = 4.2;
				TARGETED_DEVICE_FAMILY = "1,2";
				TEST_HOST = "$(BUILT_PRODUCTS_DIR)/DataAnalysis.app/DataAnalysis";
			};
			name = Release;
		};
		F1A673DB21D3A47800C460F5 /* Debug */ = {
			isa = XCBuildConfiguration;
			buildSettings = {
				ALWAYS_EMBED_SWIFT_STANDARD_LIBRARIES = YES;
				CODE_SIGN_STYLE = Automatic;
				INFOPLIST_FILE = DataAnalysisUITests/Info.plist;
				LD_RUNPATH_SEARCH_PATHS = (
					"$(inherited)",
					"@executable_path/Frameworks",
					"@loader_path/Frameworks",
				);
				PRODUCT_BUNDLE_IDENTIFIER = com.dataAnalysis.app.DataAnalysisUITests;
				PRODUCT_NAME = "$(TARGET_NAME)";
				SWIFT_VERSION = 4.2;
				TARGETED_DEVICE_FAMILY = "1,2";
				TEST_TARGET_NAME = DataAnalysis;
			};
			name = Debug;
		};
		F1A673DC21D3A47800C460F5 /* Release */ = {
			isa = XCBuildConfiguration;
			buildSettings = {
				ALWAYS_EMBED_SWIFT_STANDARD_LIBRARIES = YES;
				CODE_SIGN_STYLE = Automatic;
				INFOPLIST_FILE = DataAnalysisUITests/Info.plist;
				LD_RUNPATH_SEARCH_PATHS = (
					"$(inherited)",
					"@executable_path/Frameworks",
					"@loader_path/Frameworks",
				);
				PRODUCT_BUNDLE_IDENTIFIER = com.dataAnalysis.app.DataAnalysisUITests;
				PRODUCT_NAME = "$(TARGET_NAME)";
				SWIFT_VERSION = 4.2;
				TARGETED_DEVICE_FAMILY = "1,2";
				TEST_TARGET_NAME = DataAnalysis;
			};
			name = Release;
		};
/* End XCBuildConfiguration section */

/* Begin XCConfigurationList section */
		F1A673A721D3A47700C460F5 /* Build configuration list for PBXProject "DataAnalysis" */ = {
			isa = XCConfigurationList;
			buildConfigurations = (
				F1A673D221D3A47800C460F5 /* Debug */,
				F1A673D321D3A47800C460F5 /* Release */,
			);
			defaultConfigurationIsVisible = 0;
			defaultConfigurationName = Release;
		};
		F1A673D421D3A47800C460F5 /* Build configuration list for PBXNativeTarget "DataAnalysis" */ = {
			isa = XCConfigurationList;
			buildConfigurations = (
				F1A673D521D3A47800C460F5 /* Debug */,
				F1A673D621D3A47800C460F5 /* Release */,
			);
			defaultConfigurationIsVisible = 0;
			defaultConfigurationName = Release;
		};
		F1A673D721D3A47800C460F5 /* Build configuration list for PBXNativeTarget "DataAnalysisTests" */ = {
			isa = XCConfigurationList;
			buildConfigurations = (
				F1A673D821D3A47800C460F5 /* Debug */,
				F1A673D921D3A47800C460F5 /* Release */,
			);
			defaultConfigurationIsVisible = 0;
			defaultConfigurationName = Release;
		};
		F1A673DA21D3A47800C460F5 /* Build configuration list for PBXNativeTarget "DataAnalysisUITests" */ = {
			isa = XCConfigurationList;
			buildConfigurations = (
				F1A673DB21D3A47800C460F5 /* Debug */,
				F1A673DC21D3A47800C460F5 /* Release */,
			);
			defaultConfigurationIsVisible = 0;
			defaultConfigurationName = Release;
		};
/* End XCConfigurationList section */
	};
	rootObject = F1A673A421D3A47700C460F5 /* Project object */;
}
